Microsoft Visual Studio Solution File, Format Version 11.00
# Visual Studio 2008

Project("{6434F81E-A1CD-3136-330A-669D8C9E02A2}") = "unity 2d pong game", "Assembly-CSharp.csproj", "{12529781-7F38-591E-9B65-EE21DA9F0F8D}"
EndProject
Global
	GlobalSection(SolutionConfigurationPlatforms) = preSolution
		Debug|Any CPU = Debug|Any CPU
		Release|Any CPU = Release|Any CPU
	EndGlobalSection
	GlobalSection(ProjectConfigurationPlatforms) = postSolution
		{12529781-7F38-591E-9B65-EE21DA9F0F8D}.Debug|Any CPU.ActiveCfg = Debug|Any CPU
		{12529781-7F38-591E-9B65-EE21DA9F0F8D}.Debug|Any CPU.Build.0 = Debug|Any CPU
		{12529781-7F38-591E-9B65-EE21DA9F0F8D}.Release|Any CPU.ActiveCfg = Release|Any CPU
		{12529781-7F38-591E-9B65-EE21DA9F0F8D}.Release|Any CPU.Build.0 = Release|Any CPU
	EndGlobalSection
	GlobalSection(SolutionProperties) = preSolution
		HideSolutionNode = FALSE
	EndGlobalSection
	GlobalSection(MonoDevelopProperties) = preSolution
		StartupItem = Assembly-CSharp.csproj
	EndGlobalSection
EndGlobal
